// !$*UTF8*$!
{
	archiveVersion = 1;
	classes = {
	};
	objectVersion = 46;
	objects = {

/* Begin PBXBuildFile section */
		D2B5FC5D1A6F8D8E00E1AC32 /* main.m in Sources */ = {isa = PBXBuildFile; fileRef = D2B5FC5C1A6F8D8E00E1AC32 /* main.m */; };
		D2B5FC601A6F8D8E00E1AC32 /* AppDelegate.m in Sources */ = {isa = PBXBuildFile; fileRef = D2B5FC5F1A6F8D8E00E1AC32 /* AppDelegate.m */; };
		D2B5FC631A6F8D8E00E1AC32 /* ViewController.m in Sources */ = {isa = PBXBuildFile; fileRef = D2B5FC621A6F8D8E00E1AC32 /* ViewController.m */; };
		D2B5FC661A6F8D8E00E1AC32 /* Main.storyboard in Resources */ = {isa = PBXBuildFile; fileRef = D2B5FC641A6F8D8E00E1AC32 /* Main.storyboard */; };
		D2B5FC681A6F8D8E00E1AC32 /* Images.xcassets in Resources */ = {isa = PBXBuildFile; fileRef = D2B5FC671A6F8D8E00E1AC32 /* Images.xcassets */; };
		D2B5FC6B1A6F8D8E00E1AC32 /* LaunchScreen.xib in Resources */ = {isa = PBXBuildFile; fileRef = D2B5FC691A6F8D8E00E1AC32 /* LaunchScreen.xib */; };
		D2B5FC771A6F8D8E00E1AC32 /* afterSchoolTests.m in Sources */ = {isa = PBXBuildFile; fileRef = D2B5FC761A6F8D8E00E1AC32 /* afterSchoolTests.m */; };
/* End PBXBuildFile section */

/* Begin PBXContainerItemProxy section */
		D2B5FC711A6F8D8E00E1AC32 /* PBXContainerItemProxy */ = {
			isa = PBXContainerItemProxy;
			containerPortal = D2B5FC4F1A6F8D8E00E1AC32 /* Project object */;
			proxyType = 1;
			remoteGlobalIDString = D2B5FC561A6F8D8E00E1AC32;
			remoteInfo = afterSchool;
		};
/* End PBXContainerItemProxy section */

/* Begin PBXFileReference section */
		D2B5FC571A6F8D8E00E1AC32 /* afterSchool.app */ = {isa = PBXFileReference; explicitFileType = wrapper.application; includeInIndex = 0; path = afterSchool.app; sourceTree = BUILT_PRODUCTS_DIR; };
		D2B5FC5B1A6F8D8E00E1AC32 /* Info.plist */ = {isa = PBXFileReference; lastKnownFileType = text.plist.xml; path = Info.plist; sourceTree = "<group>"; };
		D2B5FC5C1A6F8D8E00E1AC32 /* main.m */ = {isa = PBXFileReference; lastKnownFileType = sourcecode.c.objc; path = main.m; sourceTree = "<group>"; };
		D2B5FC5E1A6F8D8E00E1AC32 /* AppDelegate.h */ = {isa = PBXFileReference; lastKnownFileType = sourcecode.c.h; path = AppDelegate.h; sourceTree = "<group>"; };
		D2B5FC5F1A6F8D8E00E1AC32 /* AppDelegate.m */ = {isa = PBXFileReference; lastKnownFileType = sourcecode.c.objc; path = AppDelegate.m; sourceTree = "<group>"; };
		D2B5FC611A6F8D8E00E1AC32 /* ViewController.h */ = {isa = PBXFileReference; lastKnownFileType = sourcecode.c.h; path = ViewController.h; sourceTree = "<group>"; };
		D2B5FC621A6F8D8E00E1AC32 /* ViewController.m */ = {isa = PBXFileReference; lastKnownFileType = sourcecode.c.objc; path = ViewController.m; sourceTree = "<group>"; };
		D2B5FC651A6F8D8E00E1AC32 /* Base */ = {isa = PBXFileReference; lastKnownFileType = file.storyboard; name = Base; path = Base.lproj/Main.storyboard; sourceTree = "<group>"; };
		D2B5FC671A6F8D8E00E1AC32 /* Images.xcassets */ = {isa = PBXFileReference; lastKnownFileType = folder.assetcatalog; path = Images.xcassets; sourceTree = "<group>"; };
		D2B5FC6A1A6F8D8E00E1AC32 /* Base */ = {isa = PBXFileReference; lastKnownFileType = file.xib; name = Base; path = Base.lproj/LaunchScreen.xib; sourceTree = "<group>"; };
		D2B5FC701A6F8D8E00E1AC32 /* afterSchoolTests.xctest */ = {isa = PBXFileReference; explicitFileType = wrapper.cfbundle; includeInIndex = 0; path = afterSchoolTests.xctest; sourceTree = BUILT_PRODUCTS_DIR; };
		D2B5FC751A6F8D8E00E1AC32 /* Info.plist */ = {isa = PBXFileReference; lastKnownFileType = text.plist.xml; path = Info.plist; sourceTree = "<group>"; };
		D2B5FC761A6F8D8E00E1AC32 /* afterSchoolTests.m */ = {isa = PBXFileReference; lastKnownFileType = sourcecode.c.objc; path = afterSchoolTests.m; sourceTree = "<group>"; };
/* End PBXFileReference section */

/* Begin PBXFrameworksBuildPhase section */
		D2B5FC541A6F8D8E00E1AC32 /* Frameworks */ = {
			isa = PBXFrameworksBuildPhase;
			buildActionMask = 2147483647;
			files = (
			);
			runOnlyForDeploymentPostprocessing = 0;
		};
		D2B5FC6D1A6F8D8E00E1AC32 /* Frameworks */ = {
			isa = PBXFrameworksBuildPhase;
			buildActionMask = 2147483647;
			files = (
			);
			runOnlyForDeploymentPostprocessing = 0;
		};
/* End PBXFrameworksBuildPhase section */

/* Begin PBXGroup section */
		D2B5FC4E1A6F8D8E00E1AC32 = {
			isa = PBXGroup;
			children = (
				D2B5FC591A6F8D8E00E1AC32 /* afterSchool */,
				D2B5FC731A6F8D8E00E1AC32 /* afterSchoolTests */,
				D2B5FC581A6F8D8E00E1AC32 /* Products */,
			);
			sourceTree = "<group>";
		};
		D2B5FC581A6F8D8E00E1AC32 /* Products */ = {
			isa = PBXGroup;
			children = (
				D2B5FC571A6F8D8E00E1AC32 /* afterSchool.app */,
				D2B5FC701A6F8D8E00E1AC32 /* afterSchoolTests.xctest */,
			);
			name = Products;
			sourceTree = "<group>";
		};
		D2B5FC591A6F8D8E00E1AC32 /* afterSchool */ = {
			isa = PBXGroup;
			children = (
				D2B5FC5E1A6F8D8E00E1AC32 /* AppDelegate.h */,
				D2B5FC5F1A6F8D8E00E1AC32 /* AppDelegate.m */,
				D2B5FC611A6F8D8E00E1AC32 /* ViewController.h */,
				D2B5FC621A6F8D8E00E1AC32 /* ViewController.m */,
				D2B5FC641A6F8D8E00E1AC32 /* Main.storyboard */,
				D2B5FC671A6F8D8E00E1AC32 /* Images.xcassets */,
				D2B5FC691A6F8D8E00E1AC32 /* LaunchScreen.xib */,
				D2B5FC5A1A6F8D8E00E1AC32 /* Supporting Files */,
			);
			path = afterSchool;
			sourceTree = "<group>";
		};
		D2B5FC5A1A6F8D8E00E1AC32 /* Supporting Files */ = {
			isa = PBXGroup;
			children = (
				D2B5FC5B1A6F8D8E00E1AC32 /* Info.plist */,
				D2B5FC5C1A6F8D8E00E1AC32 /* main.m */,
			);
			name = "Supporting Files";
			sourceTree = "<group>";
		};
		D2B5FC731A6F8D8E00E1AC32 /* afterSchoolTests */ = {
			isa = PBXGroup;
			children = (
				D2B5FC761A6F8D8E00E1AC32 /* afterSchoolTests.m */,
				D2B5FC741A6F8D8E00E1AC32 /* Supporting Files */,
			);
			path = afterSchoolTests;
			sourceTree = "<group>";
		};
		D2B5FC741A6F8D8E00E1AC32 /* Supporting Files */ = {
			isa = PBXGroup;
			children = (
				D2B5FC751A6F8D8E00E1AC32 /* Info.plist */,
			);
			name = "Supporting Files";
			sourceTree = "<group>";
		};
/* End PBXGroup section */

/* Begin PBXNativeTarget section */
		D2B5FC561A6F8D8E00E1AC32 /* afterSchool */ = {
			isa = PBXNativeTarget;
			buildConfigurationList = D2B5FC7A1A6F8D8E00E1AC32 /* Build configuration list for PBXNativeTarget "afterSchool" */;
			buildPhases = (
				D2B5FC531A6F8D8E00E1AC32 /* Sources */,
				D2B5FC541A6F8D8E00E1AC32 /* Frameworks */,
				D2B5FC551A6F8D8E00E1AC32 /* Resources */,
			);
			buildRules = (
			);
			dependencies = (
			);
			name = afterSchool;
			productName = afterSchool;
			productReference = D2B5FC571A6F8D8E00E1AC32 /* afterSchool.app */;
			productType = "com.apple.product-type.application";
		};
		D2B5FC6F1A6F8D8E00E1AC32 /* afterSchoolTests */ = {
			isa = PBXNativeTarget;
			buildConfigurationList = D2B5FC7D1A6F8D8E00E1AC32 /* Build configuration list for PBXNativeTarget "afterSchoolTests" */;
			buildPhases = (
				D2B5FC6C1A6F8D8E00E1AC32 /* Sources */,
				D2B5FC6D1A6F8D8E00E1AC32 /* Frameworks */,
				D2B5FC6E1A6F8D8E00E1AC32 /* Resources */,
			);
			buildRules = (
			);
			dependencies = (
				D2B5FC721A6F8D8E00E1AC32 /* PBXTargetDependency */,
			);
			name = afterSchoolTests;
			productName = afterSchoolTests;
			productReference = D2B5FC701A6F8D8E00E1AC32 /* afterSchoolTests.xctest */;
			productType = "com.apple.product-type.bundle.unit-test";
		};
/* End PBXNativeTarget section */

/* Begin PBXProject section */
		D2B5FC4F1A6F8D8E00E1AC32 /* Project object */ = {
			isa = PBXProject;
			attributes = {
				LastUpgradeCheck = 0610;
				ORGANIZATIONNAME = susu;
				TargetAttributes = {
					D2B5FC561A6F8D8E00E1AC32 = {
						CreatedOnToolsVersion = 6.1.1;
					};
					D2B5FC6F1A6F8D8E00E1AC32 = {
						CreatedOnToolsVersion = 6.1.1;
						TestTargetID = D2B5FC561A6F8D8E00E1AC32;
					};
				};
			};
			buildConfigurationList = D2B5FC521A6F8D8E00E1AC32 /* Build configuration list for PBXProject "afterSchool" */;
			compatibilityVersion = "Xcode 3.2";
			developmentRegion = English;
			hasScannedForEncodings = 0;
			knownRegions = (
				en,
				Base,
			);
			mainGroup = D2B5FC4E1A6F8D8E00E1AC32;
			productRefGroup = D2B5FC581A6F8D8E00E1AC32 /* Products */;
			projectDirPath = "";
			projectRoot = "";
			targets = (
				D2B5FC561A6F8D8E00E1AC32 /* afterSchool */,
				D2B5FC6F1A6F8D8E00E1AC32 /* afterSchoolTests */,
			);
		};
/* End PBXProject section */

/* Begin PBXResourcesBuildPhase section */
		D2B5FC551A6F8D8E00E1AC32 /* Resources */ = {
			isa = PBXResourcesBuildPhase;
			buildActionMask = 2147483647;
			files = (
				D2B5FC661A6F8D8E00E1AC32 /* Main.storyboard in Resources */,
				D2B5FC6B1A6F8D8E00E1AC32 /* LaunchScreen.xib in Resources */,
				D2B5FC681A6F8D8E00E1AC32 /* Images.xcassets in Resources */,
			);
			runOnlyForDeploymentPostprocessing = 0;
		};
		D2B5FC6E1A6F8D8E00E1AC32 /* Resources */ = {
			isa = PBXResourcesBuildPhase;
			buildActionMask = 2147483647;
			files = (
			);
			runOnlyForDeploymentPostprocessing = 0;
		};
/* End PBXResourcesBuildPhase section */

/* Begin PBXSourcesBuildPhase section */
		D2B5FC531A6F8D8E00E1AC32 /* Sources */ = {
			isa = PBXSourcesBuildPhase;
			buildActionMask = 2147483647;
			files = (
				D2B5FC631A6F8D8E00E1AC32 /* ViewController.m in Sources */,
				D2B5FC601A6F8D8E00E1AC32 /* AppDelegate.m in Sources */,
				D2B5FC5D1A6F8D8E00E1AC32 /* main.m in Sources */,
			);
			runOnlyForDeploymentPostprocessing = 0;
		};
		D2B5FC6C1A6F8D8E00E1AC32 /* Sources */ = {
			isa = PBXSourcesBuildPhase;
			buildActionMask = 2147483647;
			files = (
				D2B5FC771A6F8D8E00E1AC32 /* afterSchoolTests.m in Sources */,
			);
			runOnlyForDeploymentPostprocessing = 0;
		};
/* End PBXSourcesBuildPhase section */

/* Begin PBXTargetDependency section */
		D2B5FC721A6F8D8E00E1AC32 /* PBXTargetDependency */ = {
			isa = PBXTargetDependency;
			target = D2B5FC561A6F8D8E00E1AC32 /* afterSchool */;
			targetProxy = D2B5FC711A6F8D8E00E1AC32 /* PBXContainerItemProxy */;
		};
/* End PBXTargetDependency section */

/* Begin PBXVariantGroup section */
		D2B5FC641A6F8D8E00E1AC32 /* Main.storyboard */ = {
			isa = PBXVariantGroup;
			children = (
				D2B5FC651A6F8D8E00E1AC32 /* Base */,
			);
			name = Main.storyboard;
			sourceTree = "<group>";
		};
		D2B5FC691A6F8D8E00E1AC32 /* LaunchScreen.xib */ = {
			isa = PBXVariantGroup;
			children = (
				D2B5FC6A1A6F8D8E00E1AC32 /* Base */,
			);
			name = LaunchScreen.xib;
			sourceTree = "<group>";
		};
/* End PBXVariantGroup section */

/* Begin XCBuildConfiguration section */
		D2B5FC781A6F8D8E00E1AC32 /* Debug */ = {
			isa = XCBuildConfiguration;
			buildSettings = {
				ALWAYS_SEARCH_USER_PATHS = NO;
				CLANG_CXX_LANGUAGE_STANDARD = "gnu++0x";
				CLANG_CXX_LIBRARY = "libc++";
				CLANG_ENABLE_MODULES = YES;
				CLANG_ENABLE_OBJC_ARC = YES;
				CLANG_WARN_BOOL_CONVERSION = YES;
				CLANG_WARN_CONSTANT_CONVERSION = YES;
				CLANG_WARN_DIRECT_OBJC_ISA_USAGE = YES_ERROR;
				CLANG_WARN_EMPTY_BODY = YES;
				CLANG_WARN_ENUM_CONVERSION = YES;
				CLANG_WARN_INT_CONVERSION = YES;
				CLANG_WARN_OBJC_ROOT_CLASS = YES_ERROR;
				CLANG_WARN_UNREACHABLE_CODE = YES;
				CLANG_WARN__DUPLICATE_METHOD_MATCH = YES;
				"CODE_SIGN_IDENTITY[sdk=iphoneos*]" = "iPhone Developer";
				COPY_PHASE_STRIP = NO;
				ENABLE_STRICT_OBJC_MSGSEND = YES;
				GCC_C_LANGUAGE_STANDARD = gnu99;
				GCC_DYNAMIC_NO_PIC = NO;
				GCC_OPTIMIZATION_LEVEL = 0;
				GCC_PREPROCESSOR_DEFINITIONS = (
					"DEBUG=1",
					"$(inherited)",
				);
				GCC_SYMBOLS_PRIVATE_EXTERN = NO;
				GCC_WARN_64_TO_32_BIT_CONVERSION = YES;
				GCC_WARN_ABOUT_RETURN_TYPE = YES_ERROR;
				GCC_WARN_UNDECLARED_SELECTOR = YES;
				GCC_WARN_UNINITIALIZED_AUTOS = YES_AGGRESSIVE;
				GCC_WARN_UNUSED_FUNCTION = YES;
				GCC_WARN_UNUSED_VARIABLE = YES;
				IPHONEOS_DEPLOYMENT_TARGET = 8.1;
				MTL_ENABLE_DEBUG_INFO = YES;
				ONLY_ACTIVE_ARCH = YES;
				SDKROOT = iphoneos;
			};
			name = Debug;
		};
		D2B5FC791A6F8D8E00E1AC32 /* Release */ = {
			isa = XCBuildConfiguration;
			buildSettings = {
				ALWAYS_SEARCH_USER_PATHS = NO;
				CLANG_CXX_LANGUAGE_STANDARD = "gnu++0x";
				CLANG_CXX_LIBRARY = "libc++";
				CLANG_ENABLE_MODULES = YES;
				CLANG_ENABLE_OBJC_ARC = YES;
				CLANG_WARN_BOOL_CONVERSION = YES;
				CLANG_WARN_CONSTANT_CONVERSION = YES;
				CLANG_WARN_DIRECT_OBJC_ISA_USAGE = YES_ERROR;
				CLANG_WARN_EMPTY_BODY = YES;
				CLANG_WARN_ENUM_CONVERSION = YES;
				CLANG_WARN_INT_CONVERSION = YES;
				CLANG_WARN_OBJC_ROOT_CLASS = YES_ERROR;
				CLANG_WARN_UNREACHABLE_CODE = YES;
				CLANG_WARN__DUPLICATE_METHOD_MATCH = YES;
				"CODE_SIGN_IDENTITY[sdk=iphoneos*]" = "iPhone Developer";
				COPY_PHASE_STRIP = YES;
				ENABLE_NS_ASSERTIONS = NO;
				ENABLE_STRICT_OBJC_MSGSEND = YES;
				GCC_C_LANGUAGE_STANDARD = gnu99;
				GCC_WARN_64_TO_32_BIT_CONVERSION = YES;
				GCC_WARN_ABOUT_RETURN_TYPE = YES_ERROR;
				GCC_WARN_UNDECLARED_SELECTOR = YES;
				GCC_WARN_UNINITIALIZED_AUTOS = YES_AGGRESSIVE;
				GCC_WARN_UNUSED_FUNCTION = YES;
				GCC_WARN_UNUSED_VARIABLE = YES;
				IPHONEOS_DEPLOYMENT_TARGET = 8.1;
				MTL_ENABLE_DEBUG_INFO = NO;
				SDKROOT = iphoneos;
				VALIDATE_PRODUCT = YES;
			};
			name = Release;
		};
		D2B5FC7B1A6F8D8E00E1AC32 /* Debug */ = {
			isa = XCBuildConfiguration;
			buildSettings = {
				ASSETCATALOG_COMPILER_APPICON_NAME = AppIcon;
				INFOPLIST_FILE = afterSchool/Info.plist;
				LD_RUNPATH_SEARCH_PATHS = "$(inherited) @executable_path/Frameworks";
				PRODUCT_NAME = "$(TARGET_NAME)";
			};
			name = Debug;
		};
		D2B5FC7C1A6F8D8E00E1AC32 /* Release */ = {
			isa = XCBuildConfiguration;
			buildSettings = {
				ASSETCATALOG_COMPILER_APPICON_NAME = AppIcon;
				INFOPLIST_FILE = afterSchool/Info.plist;
				LD_RUNPATH_SEARCH_PATHS = "$(inherited) @executable_path/Frameworks";
				PRODUCT_NAME = "$(TARGET_NAME)";
			};
			name = Release;
		};
		D2B5FC7E1A6F8D8E00E1AC32 /* Debug */ = {
			isa = XCBuildConfiguration;
			buildSettings = {
				BUNDLE_LOADER = "$(TEST_HOST)";
				FRAMEWORK_SEARCH_PATHS = (
					"$(SDKROOT)/Developer/Library/Frameworks",
					"$(inherited)",
				);
				GCC_PREPROCESSOR_DEFINITIONS = (
					"DEBUG=1",
					"$(inherited)",
				);
				INFOPLIST_FILE = afterSchoolTests/Info.plist;
				LD_RUNPATH_SEARCH_PATHS = "$(inherited) @executable_path/Frameworks @loader_path/Frameworks";
				PRODUCT_NAME = "$(TARGET_NAME)";
				TEST_HOST = "$(BUILT_PRODUCTS_DIR)/afterSchool.app/afterSchool";
			};
			name = Debug;
		};
		D2B5FC7F1A6F8D8E00E1AC32 /* Release */ = {
			isa = XCBuildConfiguration;
			buildSettings = {
				BUNDLE_LOADER = "$(TEST_HOST)";
				FRAMEWORK_SEARCH_PATHS = (
					"$(SDKROOT)/Developer/Library/Frameworks",
					"$(inherited)",
				);
				INFOPLIST_FILE = afterSchoolTests/Info.plist;
				LD_RUNPATH_SEARCH_PATHS = "$(inherited) @executable_path/Frameworks @loader_path/Frameworks";
				PRODUCT_NAME = "$(TARGET_NAME)";
				TEST_HOST = "$(BUILT_PRODUCTS_DIR)/afterSchool.app/afterSchool";
			};
			name = Release;
		};
/* End XCBuildConfiguration section */

/* Begin XCConfigurationList section */
		D2B5FC521A6F8D8E00E1AC32 /* Build configuration list for PBXProject "afterSchool" */ = {
			isa = XCConfigurationList;
			buildConfigurations = (
				D2B5FC781A6F8D8E00E1AC32 /* Debug */,
				D2B5FC791A6F8D8E00E1AC32 /* Release */,
			);
			defaultConfigurationIsVisible = 0;
			defaultConfigurationName = Release;
		};
		D2B5FC7A1A6F8D8E00E1AC32 /* Build configuration list for PBXNativeTarget "afterSchool" */ = {
			isa = XCConfigurationList;
			buildConfigurations = (
				D2B5FC7B1A6F8D8E00E1AC32 /* Debug */,
				D2B5FC7C1A6F8D8E00E1AC32 /* Release */,
			);
			defaultConfigurationIsVisible = 0;
		};
		D2B5FC7D1A6F8D8E00E1AC32 /* Build configuration list for PBXNativeTarget "afterSchoolTests" */ = {
			isa = XCConfigurationList;
			buildConfigurations = (
				D2B5FC7E1A6F8D8E00E1AC32 /* Debug */,
				D2B5FC7F1A6F8D8E00E1AC32 /* Release */,
			);
			defaultConfigurationIsVisible = 0;
		};
/* End XCConfigurationList section */
	};
	rootObject = D2B5FC4F1A6F8D8E00E1AC32 /* Project object */;
}
